// !$*UTF8*$!
{
	archiveVersion = 1;
	classes = {
	};
	objectVersion = 50;
	objects = {

/* Begin PBXBuildFile section */
		250B068716CFF7A6DDA18C6F /* Pods_LibrarySamplerTests.framework in Frameworks */ = {isa = PBXBuildFile; fileRef = B0000BB0747DB0B3DA8B9761 /* Pods_LibrarySamplerTests.framework */; };
		A089ED57985FAD01A2E1562D /* Pods_LibrarySampler.framework in Frameworks */ = {isa = PBXBuildFile; fileRef = D31E1BFA8E9233CBFF0127B3 /* Pods_LibrarySampler.framework */; };
		AAE3482071E670046CB53BD7 /* Pods_LibrarySamplerUITests.framework in Frameworks */ = {isa = PBXBuildFile; fileRef = C2F68DFEFE5CE1F306A8F210 /* Pods_LibrarySamplerUITests.framework */; };
		B70C5FBD21FA9A23009F60CD /* AppDelegate.swift in Sources */ = {isa = PBXBuildFile; fileRef = B70C5FBC21FA9A23009F60CD /* AppDelegate.swift */; };
		B70C5FBF21FA9A23009F60CD /* ViewController.swift in Sources */ = {isa = PBXBuildFile; fileRef = B70C5FBE21FA9A23009F60CD /* ViewController.swift */; };
		B70C5FC221FA9A23009F60CD /* Main.storyboard in Resources */ = {isa = PBXBuildFile; fileRef = B70C5FC021FA9A23009F60CD /* Main.storyboard */; };
		B70C5FC421FA9A27009F60CD /* Assets.xcassets in Resources */ = {isa = PBXBuildFile; fileRef = B70C5FC321FA9A27009F60CD /* Assets.xcassets */; };
		B70C5FC721FA9A27009F60CD /* LaunchScreen.storyboard in Resources */ = {isa = PBXBuildFile; fileRef = B70C5FC521FA9A27009F60CD /* LaunchScreen.storyboard */; };
		B70C5FD221FA9A27009F60CD /* LibrarySamplerTests.swift in Sources */ = {isa = PBXBuildFile; fileRef = B70C5FD121FA9A27009F60CD /* LibrarySamplerTests.swift */; };
		B70C5FDD21FA9A27009F60CD /* LibrarySamplerUITests.swift in Sources */ = {isa = PBXBuildFile; fileRef = B70C5FDC21FA9A27009F60CD /* LibrarySamplerUITests.swift */; };
		B70C5FED21FAA931009F60CD /* EasySocialButtonViewController.swift in Sources */ = {isa = PBXBuildFile; fileRef = B70C5FEC21FAA931009F60CD /* EasySocialButtonViewController.swift */; };
		B70C5FEF21FAA938009F60CD /* NVActivityIndicatorViewViewController.swift in Sources */ = {isa = PBXBuildFile; fileRef = B70C5FEE21FAA938009F60CD /* NVActivityIndicatorViewViewController.swift */; };
/* End PBXBuildFile section */

/* Begin PBXContainerItemProxy section */
		B70C5FCE21FA9A27009F60CD /* PBXContainerItemProxy */ = {
			isa = PBXContainerItemProxy;
			containerPortal = B70C5FB121FA9A23009F60CD /* Project object */;
			proxyType = 1;
			remoteGlobalIDString = B70C5FB821FA9A23009F60CD;
			remoteInfo = LibrarySampler;
		};
		B70C5FD921FA9A27009F60CD /* PBXContainerItemProxy */ = {
			isa = PBXContainerItemProxy;
			containerPortal = B70C5FB121FA9A23009F60CD /* Project object */;
			proxyType = 1;
			remoteGlobalIDString = B70C5FB821FA9A23009F60CD;
			remoteInfo = LibrarySampler;
		};
/* End PBXContainerItemProxy section */

/* Begin PBXFileReference section */
		146724B13BEE3360F547C8B0 /* Pods-LibrarySamplerUITests.release.xcconfig */ = {isa = PBXFileReference; includeInIndex = 1; lastKnownFileType = text.xcconfig; name = "Pods-LibrarySamplerUITests.release.xcconfig"; path = "Pods/Target Support Files/Pods-LibrarySamplerUITests/Pods-LibrarySamplerUITests.release.xcconfig"; sourceTree = "<group>"; };
		2F23B470EE3712C408C130AC /* Pods-LibrarySamplerUITests.debug.xcconfig */ = {isa = PBXFileReference; includeInIndex = 1; lastKnownFileType = text.xcconfig; name = "Pods-LibrarySamplerUITests.debug.xcconfig"; path = "Pods/Target Support Files/Pods-LibrarySamplerUITests/Pods-LibrarySamplerUITests.debug.xcconfig"; sourceTree = "<group>"; };
		5C8E37385C0F7F8BA371B968 /* Pods-LibrarySampler.debug.xcconfig */ = {isa = PBXFileReference; includeInIndex = 1; lastKnownFileType = text.xcconfig; name = "Pods-LibrarySampler.debug.xcconfig"; path = "Pods/Target Support Files/Pods-LibrarySampler/Pods-LibrarySampler.debug.xcconfig"; sourceTree = "<group>"; };
		B0000BB0747DB0B3DA8B9761 /* Pods_LibrarySamplerTests.framework */ = {isa = PBXFileReference; explicitFileType = wrapper.framework; includeInIndex = 0; path = Pods_LibrarySamplerTests.framework; sourceTree = BUILT_PRODUCTS_DIR; };
		B70C5FB921FA9A23009F60CD /* LibrarySampler.app */ = {isa = PBXFileReference; explicitFileType = wrapper.application; includeInIndex = 0; path = LibrarySampler.app; sourceTree = BUILT_PRODUCTS_DIR; };
		B70C5FBC21FA9A23009F60CD /* AppDelegate.swift */ = {isa = PBXFileReference; lastKnownFileType = sourcecode.swift; path = AppDelegate.swift; sourceTree = "<group>"; };
		B70C5FBE21FA9A23009F60CD /* ViewController.swift */ = {isa = PBXFileReference; lastKnownFileType = sourcecode.swift; path = ViewController.swift; sourceTree = "<group>"; };
		B70C5FC121FA9A23009F60CD /* Base */ = {isa = PBXFileReference; lastKnownFileType = file.storyboard; name = Base; path = Base.lproj/Main.storyboard; sourceTree = "<group>"; };
		B70C5FC321FA9A27009F60CD /* Assets.xcassets */ = {isa = PBXFileReference; lastKnownFileType = folder.assetcatalog; path = Assets.xcassets; sourceTree = "<group>"; };
		B70C5FC621FA9A27009F60CD /* Base */ = {isa = PBXFileReference; lastKnownFileType = file.storyboard; name = Base; path = Base.lproj/LaunchScreen.storyboard; sourceTree = "<group>"; };
		B70C5FC821FA9A27009F60CD /* Info.plist */ = {isa = PBXFileReference; lastKnownFileType = text.plist.xml; path = Info.plist; sourceTree = "<group>"; };
		B70C5FCD21FA9A27009F60CD /* LibrarySamplerTests.xctest */ = {isa = PBXFileReference; explicitFileType = wrapper.cfbundle; includeInIndex = 0; path = LibrarySamplerTests.xctest; sourceTree = BUILT_PRODUCTS_DIR; };
		B70C5FD121FA9A27009F60CD /* LibrarySamplerTests.swift */ = {isa = PBXFileReference; lastKnownFileType = sourcecode.swift; path = LibrarySamplerTests.swift; sourceTree = "<group>"; };
		B70C5FD321FA9A27009F60CD /* Info.plist */ = {isa = PBXFileReference; lastKnownFileType = text.plist.xml; path = Info.plist; sourceTree = "<group>"; };
		B70C5FD821FA9A27009F60CD /* LibrarySamplerUITests.xctest */ = {isa = PBXFileReference; explicitFileType = wrapper.cfbundle; includeInIndex = 0; path = LibrarySamplerUITests.xctest; sourceTree = BUILT_PRODUCTS_DIR; };
		B70C5FDC21FA9A27009F60CD /* LibrarySamplerUITests.swift */ = {isa = PBXFileReference; lastKnownFileType = sourcecode.swift; path = LibrarySamplerUITests.swift; sourceTree = "<group>"; };
		B70C5FDE21FA9A27009F60CD /* Info.plist */ = {isa = PBXFileReference; lastKnownFileType = text.plist.xml; path = Info.plist; sourceTree = "<group>"; };
		B70C5FEC21FAA931009F60CD /* EasySocialButtonViewController.swift */ = {isa = PBXFileReference; lastKnownFileType = sourcecode.swift; path = EasySocialButtonViewController.swift; sourceTree = "<group>"; };
		B70C5FEE21FAA938009F60CD /* NVActivityIndicatorViewViewController.swift */ = {isa = PBXFileReference; lastKnownFileType = sourcecode.swift; path = NVActivityIndicatorViewViewController.swift; sourceTree = "<group>"; };
		C2F68DFEFE5CE1F306A8F210 /* Pods_LibrarySamplerUITests.framework */ = {isa = PBXFileReference; explicitFileType = wrapper.framework; includeInIndex = 0; path = Pods_LibrarySamplerUITests.framework; sourceTree = BUILT_PRODUCTS_DIR; };
		C5BF604D0D41E4012C820182 /* Pods-LibrarySamplerTests.debug.xcconfig */ = {isa = PBXFileReference; includeInIndex = 1; lastKnownFileType = text.xcconfig; name = "Pods-LibrarySamplerTests.debug.xcconfig"; path = "Pods/Target Support Files/Pods-LibrarySamplerTests/Pods-LibrarySamplerTests.debug.xcconfig"; sourceTree = "<group>"; };
		D31E1BFA8E9233CBFF0127B3 /* Pods_LibrarySampler.framework */ = {isa = PBXFileReference; explicitFileType = wrapper.framework; includeInIndex = 0; path = Pods_LibrarySampler.framework; sourceTree = BUILT_PRODUCTS_DIR; };
		D8991935A2F8727D8AB95E43 /* Pods-LibrarySamplerTests.release.xcconfig */ = {isa = PBXFileReference; includeInIndex = 1; lastKnownFileType = text.xcconfig; name = "Pods-LibrarySamplerTests.release.xcconfig"; path = "Pods/Target Support Files/Pods-LibrarySamplerTests/Pods-LibrarySamplerTests.release.xcconfig"; sourceTree = "<group>"; };
		F7799365CEA427A1D673A15F /* Pods-LibrarySampler.release.xcconfig */ = {isa = PBXFileReference; includeInIndex = 1; lastKnownFileType = text.xcconfig; name = "Pods-LibrarySampler.release.xcconfig"; path = "Pods/Target Support Files/Pods-LibrarySampler/Pods-LibrarySampler.release.xcconfig"; sourceTree = "<group>"; };
/* End PBXFileReference section */

/* Begin PBXFrameworksBuildPhase section */
		B70C5FB621FA9A23009F60CD /* Frameworks */ = {
			isa = PBXFrameworksBuildPhase;
			buildActionMask = 2147483647;
			files = (
				A089ED57985FAD01A2E1562D /* Pods_LibrarySampler.framework in Frameworks */,
			);
			runOnlyForDeploymentPostprocessing = 0;
		};
		B70C5FCA21FA9A27009F60CD /* Frameworks */ = {
			isa = PBXFrameworksBuildPhase;
			buildActionMask = 2147483647;
			files = (
				250B068716CFF7A6DDA18C6F /* Pods_LibrarySamplerTests.framework in Frameworks */,
			);
			runOnlyForDeploymentPostprocessing = 0;
		};
		B70C5FD521FA9A27009F60CD /* Frameworks */ = {
			isa = PBXFrameworksBuildPhase;
			buildActionMask = 2147483647;
			files = (
				AAE3482071E670046CB53BD7 /* Pods_LibrarySamplerUITests.framework in Frameworks */,
			);
			runOnlyForDeploymentPostprocessing = 0;
		};
/* End PBXFrameworksBuildPhase section */

/* Begin PBXGroup section */
		29E9EC7352732810DE7F1E02 /* Frameworks */ = {
			isa = PBXGroup;
			children = (
				D31E1BFA8E9233CBFF0127B3 /* Pods_LibrarySampler.framework */,
				B0000BB0747DB0B3DA8B9761 /* Pods_LibrarySamplerTests.framework */,
				C2F68DFEFE5CE1F306A8F210 /* Pods_LibrarySamplerUITests.framework */,
			);
			name = Frameworks;
			sourceTree = "<group>";
		};
		AAA1C84FEE46928648D5F7D6 /* Pods */ = {
			isa = PBXGroup;
			children = (
				5C8E37385C0F7F8BA371B968 /* Pods-LibrarySampler.debug.xcconfig */,
				F7799365CEA427A1D673A15F /* Pods-LibrarySampler.release.xcconfig */,
				C5BF604D0D41E4012C820182 /* Pods-LibrarySamplerTests.debug.xcconfig */,
				D8991935A2F8727D8AB95E43 /* Pods-LibrarySamplerTests.release.xcconfig */,
				2F23B470EE3712C408C130AC /* Pods-LibrarySamplerUITests.debug.xcconfig */,
				146724B13BEE3360F547C8B0 /* Pods-LibrarySamplerUITests.release.xcconfig */,
			);
			name = Pods;
			sourceTree = "<group>";
		};
		B70C5FB021FA9A23009F60CD = {
			isa = PBXGroup;
			children = (
				B70C5FBB21FA9A23009F60CD /* LibrarySampler */,
				B70C5FD021FA9A27009F60CD /* LibrarySamplerTests */,
				B70C5FDB21FA9A27009F60CD /* LibrarySamplerUITests */,
				B70C5FBA21FA9A23009F60CD /* Products */,
				AAA1C84FEE46928648D5F7D6 /* Pods */,
				29E9EC7352732810DE7F1E02 /* Frameworks */,
			);
			sourceTree = "<group>";
		};
		B70C5FBA21FA9A23009F60CD /* Products */ = {
			isa = PBXGroup;
			children = (
				B70C5FB921FA9A23009F60CD /* LibrarySampler.app */,
				B70C5FCD21FA9A27009F60CD /* LibrarySamplerTests.xctest */,
				B70C5FD821FA9A27009F60CD /* LibrarySamplerUITests.xctest */,
			);
			name = Products;
			sourceTree = "<group>";
		};
		B70C5FBB21FA9A23009F60CD /* LibrarySampler */ = {
			isa = PBXGroup;
			children = (
				B70C5FEB21FAA923009F60CD /* NVActivityIndicatorView */,
				B70C5FEA21FAA91C009F60CD /* EasySocialButton */,
				B70C5FBC21FA9A23009F60CD /* AppDelegate.swift */,
				B70C5FBE21FA9A23009F60CD /* ViewController.swift */,
				B70C5FC021FA9A23009F60CD /* Main.storyboard */,
				B70C5FC321FA9A27009F60CD /* Assets.xcassets */,
				B70C5FC521FA9A27009F60CD /* LaunchScreen.storyboard */,
				B70C5FC821FA9A27009F60CD /* Info.plist */,
			);
			path = LibrarySampler;
			sourceTree = "<group>";
		};
		B70C5FD021FA9A27009F60CD /* LibrarySamplerTests */ = {
			isa = PBXGroup;
			children = (
				B70C5FD121FA9A27009F60CD /* LibrarySamplerTests.swift */,
				B70C5FD321FA9A27009F60CD /* Info.plist */,
			);
			path = LibrarySamplerTests;
			sourceTree = "<group>";
		};
		B70C5FDB21FA9A27009F60CD /* LibrarySamplerUITests */ = {
			isa = PBXGroup;
			children = (
				B70C5FDC21FA9A27009F60CD /* LibrarySamplerUITests.swift */,
				B70C5FDE21FA9A27009F60CD /* Info.plist */,
			);
			path = LibrarySamplerUITests;
			sourceTree = "<group>";
		};
		B70C5FEA21FAA91C009F60CD /* EasySocialButton */ = {
			isa = PBXGroup;
			children = (
				B70C5FEC21FAA931009F60CD /* EasySocialButtonViewController.swift */,
			);
			name = EasySocialButton;
			sourceTree = "<group>";
		};
		B70C5FEB21FAA923009F60CD /* NVActivityIndicatorView */ = {
			isa = PBXGroup;
			children = (
				B70C5FEE21FAA938009F60CD /* NVActivityIndicatorViewViewController.swift */,
			);
			path = NVActivityIndicatorView;
			sourceTree = "<group>";
		};
/* End PBXGroup section */

/* Begin PBXNativeTarget section */
		B70C5FB821FA9A23009F60CD /* LibrarySampler */ = {
			isa = PBXNativeTarget;
			buildConfigurationList = B70C5FE121FA9A27009F60CD /* Build configuration list for PBXNativeTarget "LibrarySampler" */;
			buildPhases = (
				D3131A1FEF4D97EBF84DDA1F /* [CP] Check Pods Manifest.lock */,
				B70C5FB521FA9A23009F60CD /* Sources */,
				B70C5FB621FA9A23009F60CD /* Frameworks */,
				B70C5FB721FA9A23009F60CD /* Resources */,
				6D7320555A0299886FC0C034 /* [CP] Embed Pods Frameworks */,
			);
			buildRules = (
			);
			dependencies = (
			);
			name = LibrarySampler;
			productName = LibrarySampler;
			productReference = B70C5FB921FA9A23009F60CD /* LibrarySampler.app */;
			productType = "com.apple.product-type.application";
		};
		B70C5FCC21FA9A27009F60CD /* LibrarySamplerTests */ = {
			isa = PBXNativeTarget;
			buildConfigurationList = B70C5FE421FA9A27009F60CD /* Build configuration list for PBXNativeTarget "LibrarySamplerTests" */;
			buildPhases = (
				A16472958792D67C56DA0C74 /* [CP] Check Pods Manifest.lock */,
				B70C5FC921FA9A27009F60CD /* Sources */,
				B70C5FCA21FA9A27009F60CD /* Frameworks */,
				B70C5FCB21FA9A27009F60CD /* Resources */,
			);
			buildRules = (
			);
			dependencies = (
				B70C5FCF21FA9A27009F60CD /* PBXTargetDependency */,
			);
			name = LibrarySamplerTests;
			productName = LibrarySamplerTests;
			productReference = B70C5FCD21FA9A27009F60CD /* LibrarySamplerTests.xctest */;
			productType = "com.apple.product-type.bundle.unit-test";
		};
		B70C5FD721FA9A27009F60CD /* LibrarySamplerUITests */ = {
			isa = PBXNativeTarget;
			buildConfigurationList = B70C5FE721FA9A27009F60CD /* Build configuration list for PBXNativeTarget "LibrarySamplerUITests" */;
			buildPhases = (
				C00C57DA775295B394577B7F /* [CP] Check Pods Manifest.lock */,
				B70C5FD421FA9A27009F60CD /* Sources */,
				B70C5FD521FA9A27009F60CD /* Frameworks */,
				B70C5FD621FA9A27009F60CD /* Resources */,
			);
			buildRules = (
			);
			dependencies = (
				B70C5FDA21FA9A27009F60CD /* PBXTargetDependency */,
			);
			name = LibrarySamplerUITests;
			productName = LibrarySamplerUITests;
			productReference = B70C5FD821FA9A27009F60CD /* LibrarySamplerUITests.xctest */;
			productType = "com.apple.product-type.bundle.ui-testing";
		};
/* End PBXNativeTarget section */

/* Begin PBXProject section */
		B70C5FB121FA9A23009F60CD /* Project object */ = {
			isa = PBXProject;
			attributes = {
				LastSwiftUpdateCheck = 1010;
				LastUpgradeCheck = 1010;
				ORGANIZATIONNAME = tomoki;
				TargetAttributes = {
					B70C5FB821FA9A23009F60CD = {
						CreatedOnToolsVersion = 10.1;
					};
					B70C5FCC21FA9A27009F60CD = {
						CreatedOnToolsVersion = 10.1;
						TestTargetID = B70C5FB821FA9A23009F60CD;
					};
					B70C5FD721FA9A27009F60CD = {
						CreatedOnToolsVersion = 10.1;
						TestTargetID = B70C5FB821FA9A23009F60CD;
					};
				};
			};
			buildConfigurationList = B70C5FB421FA9A23009F60CD /* Build configuration list for PBXProject "LibrarySampler" */;
			compatibilityVersion = "Xcode 9.3";
			developmentRegion = en;
			hasScannedForEncodings = 0;
			knownRegions = (
				en,
				Base,
			);
			mainGroup = B70C5FB021FA9A23009F60CD;
			productRefGroup = B70C5FBA21FA9A23009F60CD /* Products */;
			projectDirPath = "";
			projectRoot = "";
			targets = (
				B70C5FB821FA9A23009F60CD /* LibrarySampler */,
				B70C5FCC21FA9A27009F60CD /* LibrarySamplerTests */,
				B70C5FD721FA9A27009F60CD /* LibrarySamplerUITests */,
			);
		};
/* End PBXProject section */

/* Begin PBXResourcesBuildPhase section */
		B70C5FB721FA9A23009F60CD /* Resources */ = {
			isa = PBXResourcesBuildPhase;
			buildActionMask = 2147483647;
			files = (
				B70C5FC721FA9A27009F60CD /* LaunchScreen.storyboard in Resources */,
				B70C5FC421FA9A27009F60CD /* Assets.xcassets in Resources */,
				B70C5FC221FA9A23009F60CD /* Main.storyboard in Resources */,
			);
			runOnlyForDeploymentPostprocessing = 0;
		};
		B70C5FCB21FA9A27009F60CD /* Resources */ = {
			isa = PBXResourcesBuildPhase;
			buildActionMask = 2147483647;
			files = (
			);
			runOnlyForDeploymentPostprocessing = 0;
		};
		B70C5FD621FA9A27009F60CD /* Resources */ = {
			isa = PBXResourcesBuildPhase;
			buildActionMask = 2147483647;
			files = (
			);
			runOnlyForDeploymentPostprocessing = 0;
		};
/* End PBXResourcesBuildPhase section */

/* Begin PBXShellScriptBuildPhase section */
		6D7320555A0299886FC0C034 /* [CP] Embed Pods Frameworks */ = {
			isa = PBXShellScriptBuildPhase;
			buildActionMask = 2147483647;
			files = (
			);
			inputFileListPaths = (
			);
			inputPaths = (
				"${SRCROOT}/Pods/Target Support Files/Pods-LibrarySampler/Pods-LibrarySampler-frameworks.sh",
				"${BUILT_PRODUCTS_DIR}/EasySocialButton/EasySocialButton.framework",
				"${BUILT_PRODUCTS_DIR}/NVActivityIndicatorView/NVActivityIndicatorView.framework",
			);
			name = "[CP] Embed Pods Frameworks";
			outputFileListPaths = (
			);
			outputPaths = (
				"${TARGET_BUILD_DIR}/${FRAMEWORKS_FOLDER_PATH}/EasySocialButton.framework",
				"${TARGET_BUILD_DIR}/${FRAMEWORKS_FOLDER_PATH}/NVActivityIndicatorView.framework",
			);
			runOnlyForDeploymentPostprocessing = 0;
			shellPath = /bin/sh;
			shellScript = "\"${SRCROOT}/Pods/Target Support Files/Pods-LibrarySampler/Pods-LibrarySampler-frameworks.sh\"\n";
			showEnvVarsInLog = 0;
		};
		A16472958792D67C56DA0C74 /* [CP] Check Pods Manifest.lock */ = {
			isa = PBXShellScriptBuildPhase;
			buildActionMask = 2147483647;
			files = (
			);
			inputFileListPaths = (
			);
			inputPaths = (
				"${PODS_PODFILE_DIR_PATH}/Podfile.lock",
				"${PODS_ROOT}/Manifest.lock",
			);
			name = "[CP] Check Pods Manifest.lock";
			outputFileListPaths = (
			);
			outputPaths = (
				"$(DERIVED_FILE_DIR)/Pods-LibrarySamplerTests-checkManifestLockResult.txt",
			);
			runOnlyForDeploymentPostprocessing = 0;
			shellPath = /bin/sh;
			shellScript = "diff \"${PODS_PODFILE_DIR_PATH}/Podfile.lock\" \"${PODS_ROOT}/Manifest.lock\" > /dev/null\nif [ $? != 0 ] ; then\n    # print error to STDERR\n    echo \"error: The sandbox is not in sync with the Podfile.lock. Run 'pod install' or update your CocoaPods installation.\" >&2\n    exit 1\nfi\n# This output is used by Xcode 'outputs' to avoid re-running this script phase.\necho \"SUCCESS\" > \"${SCRIPT_OUTPUT_FILE_0}\"\n";
			showEnvVarsInLog = 0;
		};
		C00C57DA775295B394577B7F /* [CP] Check Pods Manifest.lock */ = {
			isa = PBXShellScriptBuildPhase;
			buildActionMask = 2147483647;
			files = (
			);
			inputFileListPaths = (
			);
			inputPaths = (
				"${PODS_PODFILE_DIR_PATH}/Podfile.lock",
				"${PODS_ROOT}/Manifest.lock",
			);
			name = "[CP] Check Pods Manifest.lock";
			outputFileListPaths = (
			);
			outputPaths = (
				"$(DERIVED_FILE_DIR)/Pods-LibrarySamplerUITests-checkManifestLockResult.txt",
			);
			runOnlyForDeploymentPostprocessing = 0;
			shellPath = /bin/sh;
			shellScript = "diff \"${PODS_PODFILE_DIR_PATH}/Podfile.lock\" \"${PODS_ROOT}/Manifest.lock\" > /dev/null\nif [ $? != 0 ] ; then\n    # print error to STDERR\n    echo \"error: The sandbox is not in sync with the Podfile.lock. Run 'pod install' or update your CocoaPods installation.\" >&2\n    exit 1\nfi\n# This output is used by Xcode 'outputs' to avoid re-running this script phase.\necho \"SUCCESS\" > \"${SCRIPT_OUTPUT_FILE_0}\"\n";
			showEnvVarsInLog = 0;
		};
		D3131A1FEF4D97EBF84DDA1F /* [CP] Check Pods Manifest.lock */ = {
			isa = PBXShellScriptBuildPhase;
			buildActionMask = 2147483647;
			files = (
			);
			inputFileListPaths = (
			);
			inputPaths = (
				"${PODS_PODFILE_DIR_PATH}/Podfile.lock",
				"${PODS_ROOT}/Manifest.lock",
			);
			name = "[CP] Check Pods Manifest.lock";
			outputFileListPaths = (
			);
			outputPaths = (
				"$(DERIVED_FILE_DIR)/Pods-LibrarySampler-checkManifestLockResult.txt",
			);
			runOnlyForDeploymentPostprocessing = 0;
			shellPath = /bin/sh;
			shellScript = "diff \"${PODS_PODFILE_DIR_PATH}/Podfile.lock\" \"${PODS_ROOT}/Manifest.lock\" > /dev/null\nif [ $? != 0 ] ; then\n    # print error to STDERR\n    echo \"error: The sandbox is not in sync with the Podfile.lock. Run 'pod install' or update your CocoaPods installation.\" >&2\n    exit 1\nfi\n# This output is used by Xcode 'outputs' to avoid re-running this script phase.\necho \"SUCCESS\" > \"${SCRIPT_OUTPUT_FILE_0}\"\n";
			showEnvVarsInLog = 0;
		};
/* End PBXShellScriptBuildPhase section */

/* Begin PBXSourcesBuildPhase section */
		B70C5FB521FA9A23009F60CD /* Sources */ = {
			isa = PBXSourcesBuildPhase;
			buildActionMask = 2147483647;
			files = (
				B70C5FED21FAA931009F60CD /* EasySocialButtonViewController.swift in Sources */,
				B70C5FBF21FA9A23009F60CD /* ViewController.swift in Sources */,
				B70C5FEF21FAA938009F60CD /* NVActivityIndicatorViewViewController.swift in Sources */,
				B70C5FBD21FA9A23009F60CD /* AppDelegate.swift in Sources */,
			);
			runOnlyForDeploymentPostprocessing = 0;
		};
		B70C5FC921FA9A27009F60CD /* Sources */ = {
			isa = PBXSourcesBuildPhase;
			buildActionMask = 2147483647;
			files = (
				B70C5FD221FA9A27009F60CD /* LibrarySamplerTests.swift in Sources */,
			);
			runOnlyForDeploymentPostprocessing = 0;
		};
		B70C5FD421FA9A27009F60CD /* Sources */ = {
			isa = PBXSourcesBuildPhase;
			buildActionMask = 2147483647;
			files = (
				B70C5FDD21FA9A27009F60CD /* LibrarySamplerUITests.swift in Sources */,
			);
			runOnlyForDeploymentPostprocessing = 0;
		};
/* End PBXSourcesBuildPhase section */

/* Begin PBXTargetDependency section */
		B70C5FCF21FA9A27009F60CD /* PBXTargetDependency */ = {
			isa = PBXTargetDependency;
			target = B70C5FB821FA9A23009F60CD /* LibrarySampler */;
			targetProxy = B70C5FCE21FA9A27009F60CD /* PBXContainerItemProxy */;
		};
		B70C5FDA21FA9A27009F60CD /* PBXTargetDependency */ = {
			isa = PBXTargetDependency;
			target = B70C5FB821FA9A23009F60CD /* LibrarySampler */;
			targetProxy = B70C5FD921FA9A27009F60CD /* PBXContainerItemProxy */;
		};
/* End PBXTargetDependency section */

/* Begin PBXVariantGroup section */
		B70C5FC021FA9A23009F60CD /* Main.storyboard */ = {
			isa = PBXVariantGroup;
			children = (
				B70C5FC121FA9A23009F60CD /* Base */,
			);
			name = Main.storyboard;
			sourceTree = "<group>";
		};
		B70C5FC521FA9A27009F60CD /* LaunchScreen.storyboard */ = {
			isa = PBXVariantGroup;
			children = (
				B70C5FC621FA9A27009F60CD /* Base */,
			);
			name = LaunchScreen.storyboard;
			sourceTree = "<group>";
		};
/* End PBXVariantGroup section */

/* Begin XCBuildConfiguration section */
		B70C5FDF21FA9A27009F60CD /* Debug */ = {
			isa = XCBuildConfiguration;
			buildSettings = {
				ALWAYS_SEARCH_USER_PATHS = NO;
				CLANG_ANALYZER_NONNULL = YES;
				CLANG_ANALYZER_NUMBER_OBJECT_CONVERSION = YES_AGGRESSIVE;
				CLANG_CXX_LANGUAGE_STANDARD = "gnu++14";
				CLANG_CXX_LIBRARY = "libc++";
				CLANG_ENABLE_MODULES = YES;
				CLANG_ENABLE_OBJC_ARC = YES;
				CLANG_ENABLE_OBJC_WEAK = YES;
				CLANG_WARN_BLOCK_CAPTURE_AUTORELEASING = YES;
				CLANG_WARN_BOOL_CONVERSION = YES;
				CLANG_WARN_COMMA = YES;
				CLANG_WARN_CONSTANT_CONVERSION = YES;
				CLANG_WARN_DEPRECATED_OBJC_IMPLEMENTATIONS = YES;
				CLANG_WARN_DIRECT_OBJC_ISA_USAGE = YES_ERROR;
				CLANG_WARN_DOCUMENTATION_COMMENTS = YES;
				CLANG_WARN_EMPTY_BODY = YES;
				CLANG_WARN_ENUM_CONVERSION = YES;
				CLANG_WARN_INFINITE_RECURSION = YES;
				CLANG_WARN_INT_CONVERSION = YES;
				CLANG_WARN_NON_LITERAL_NULL_CONVERSION = YES;
				CLANG_WARN_OBJC_IMPLICIT_RETAIN_SELF = YES;
				CLANG_WARN_OBJC_LITERAL_CONVERSION = YES;
				CLANG_WARN_OBJC_ROOT_CLASS = YES_ERROR;
				CLANG_WARN_RANGE_LOOP_ANALYSIS = YES;
				CLANG_WARN_STRICT_PROTOTYPES = YES;
				CLANG_WARN_SUSPICIOUS_MOVE = YES;
				CLANG_WARN_UNGUARDED_AVAILABILITY = YES_AGGRESSIVE;
				CLANG_WARN_UNREACHABLE_CODE = YES;
				CLANG_WARN__DUPLICATE_METHOD_MATCH = YES;
				CODE_SIGN_IDENTITY = "iPhone Developer";
				COPY_PHASE_STRIP = NO;
				DEBUG_INFORMATION_FORMAT = dwarf;
				ENABLE_STRICT_OBJC_MSGSEND = YES;
				ENABLE_TESTABILITY = YES;
				GCC_C_LANGUAGE_STANDARD = gnu11;
				GCC_DYNAMIC_NO_PIC = NO;
				GCC_NO_COMMON_BLOCKS = YES;
				GCC_OPTIMIZATION_LEVEL = 0;
				GCC_PREPROCESSOR_DEFINITIONS = (
					"DEBUG=1",
					"$(inherited)",
				);
				GCC_WARN_64_TO_32_BIT_CONVERSION = YES;
				GCC_WARN_ABOUT_RETURN_TYPE = YES_ERROR;
				GCC_WARN_UNDECLARED_SELECTOR = YES;
				GCC_WARN_UNINITIALIZED_AUTOS = YES_AGGRESSIVE;
				GCC_WARN_UNUSED_FUNCTION = YES;
				GCC_WARN_UNUSED_VARIABLE = YES;
				IPHONEOS_DEPLOYMENT_TARGET = 12.1;
				MTL_ENABLE_DEBUG_INFO = INCLUDE_SOURCE;
				MTL_FAST_MATH = YES;
				ONLY_ACTIVE_ARCH = YES;
				SDKROOT = iphoneos;
				SWIFT_ACTIVE_COMPILATION_CONDITIONS = DEBUG;
				SWIFT_OPTIMIZATION_LEVEL = "-Onone";
			};
			name = Debug;
		};
		B70C5FE021FA9A27009F60CD /* Release */ = {
			isa = XCBuildConfiguration;
			buildSettings = {
				ALWAYS_SEARCH_USER_PATHS = NO;
				CLANG_ANALYZER_NONNULL = YES;
				CLANG_ANALYZER_NUMBER_OBJECT_CONVERSION = YES_AGGRESSIVE;
				CLANG_CXX_LANGUAGE_STANDARD = "gnu++14";
				CLANG_CXX_LIBRARY = "libc++";
				CLANG_ENABLE_MODULES = YES;
				CLANG_ENABLE_OBJC_ARC = YES;
				CLANG_ENABLE_OBJC_WEAK = YES;
				CLANG_WARN_BLOCK_CAPTURE_AUTORELEASING = YES;
				CLANG_WARN_BOOL_CONVERSION = YES;
				CLANG_WARN_COMMA = YES;
				CLANG_WARN_CONSTANT_CONVERSION = YES;
				CLANG_WARN_DEPRECATED_OBJC_IMPLEMENTATIONS = YES;
				CLANG_WARN_DIRECT_OBJC_ISA_USAGE = YES_ERROR;
				CLANG_WARN_DOCUMENTATION_COMMENTS = YES;
				CLANG_WARN_EMPTY_BODY = YES;
				CLANG_WARN_ENUM_CONVERSION = YES;
				CLANG_WARN_INFINITE_RECURSION = YES;
				CLANG_WARN_INT_CONVERSION = YES;
				CLANG_WARN_NON_LITERAL_NULL_CONVERSION = YES;
				CLANG_WARN_OBJC_IMPLICIT_RETAIN_SELF = YES;
				CLANG_WARN_OBJC_LITERAL_CONVERSION = YES;
				CLANG_WARN_OBJC_ROOT_CLASS = YES_ERROR;
				CLANG_WARN_RANGE_LOOP_ANALYSIS = YES;
				CLANG_WARN_STRICT_PROTOTYPES = YES;
				CLANG_WARN_SUSPICIOUS_MOVE = YES;
				CLANG_WARN_UNGUARDED_AVAILABILITY = YES_AGGRESSIVE;
				CLANG_WARN_UNREACHABLE_CODE = YES;
				CLANG_WARN__DUPLICATE_METHOD_MATCH = YES;
				CODE_SIGN_IDENTITY = "iPhone Developer";
				COPY_PHASE_STRIP = NO;
				DEBUG_INFORMATION_FORMAT = "dwarf-with-dsym";
				ENABLE_NS_ASSERTIONS = NO;
				ENABLE_STRICT_OBJC_MSGSEND = YES;
				GCC_C_LANGUAGE_STANDARD = gnu11;
				GCC_NO_COMMON_BLOCKS = YES;
				GCC_WARN_64_TO_32_BIT_CONVERSION = YES;
				GCC_WARN_ABOUT_RETURN_TYPE = YES_ERROR;
				GCC_WARN_UNDECLARED_SELECTOR = YES;
				GCC_WARN_UNINITIALIZED_AUTOS = YES_AGGRESSIVE;
				GCC_WARN_UNUSED_FUNCTION = YES;
				GCC_WARN_UNUSED_VARIABLE = YES;
				IPHONEOS_DEPLOYMENT_TARGET = 12.1;
				MTL_ENABLE_DEBUG_INFO = NO;
				MTL_FAST_MATH = YES;
				SDKROOT = iphoneos;
				SWIFT_COMPILATION_MODE = wholemodule;
				SWIFT_OPTIMIZATION_LEVEL = "-O";
				VALIDATE_PRODUCT = YES;
			};
			name = Release;
		};
		B70C5FE221FA9A27009F60CD /* Debug */ = {
			isa = XCBuildConfiguration;
			baseConfigurationReference = 5C8E37385C0F7F8BA371B968 /* Pods-LibrarySampler.debug.xcconfig */;
			buildSettings = {
				ASSETCATALOG_COMPILER_APPICON_NAME = AppIcon;
				CODE_SIGN_STYLE = Automatic;
				INFOPLIST_FILE = LibrarySampler/Info.plist;
				LD_RUNPATH_SEARCH_PATHS = (
					"$(inherited)",
					"@executable_path/Frameworks",
				);
				PRODUCT_BUNDLE_IDENTIFIER = com.tomoki.LibrarySampler;
				PRODUCT_NAME = "$(TARGET_NAME)";
				SWIFT_VERSION = 4.2;
				TARGETED_DEVICE_FAMILY = "1,2";
			};
			name = Debug;
		};
		B70C5FE321FA9A27009F60CD /* Release */ = {
			isa = XCBuildConfiguration;
			baseConfigurationReference = F7799365CEA427A1D673A15F /* Pods-LibrarySampler.release.xcconfig */;
			buildSettings = {
				ASSETCATALOG_COMPILER_APPICON_NAME = AppIcon;
				CODE_SIGN_STYLE = Automatic;
				INFOPLIST_FILE = LibrarySampler/Info.plist;
				LD_RUNPATH_SEARCH_PATHS = (
					"$(inherited)",
					"@executable_path/Frameworks",
				);
				PRODUCT_BUNDLE_IDENTIFIER = com.tomoki.LibrarySampler;
				PRODUCT_NAME = "$(TARGET_NAME)";
				SWIFT_VERSION = 4.2;
				TARGETED_DEVICE_FAMILY = "1,2";
			};
			name = Release;
		};
		B70C5FE521FA9A27009F60CD /* Debug */ = {
			isa = XCBuildConfiguration;
			baseConfigurationReference = C5BF604D0D41E4012C820182 /* Pods-LibrarySamplerTests.debug.xcconfig */;
			buildSettings = {
				ALWAYS_EMBED_SWIFT_STANDARD_LIBRARIES = YES;
				BUNDLE_LOADER = "$(TEST_HOST)";
				CODE_SIGN_STYLE = Automatic;
				INFOPLIST_FILE = LibrarySamplerTests/Info.plist;
				LD_RUNPATH_SEARCH_PATHS = (
					"$(inherited)",
					"@executable_path/Frameworks",
					"@loader_path/Frameworks",
				);
				PRODUCT_BUNDLE_IDENTIFIER = com.tomoki.LibrarySamplerTests;
				PRODUCT_NAME = "$(TARGET_NAME)";
				SWIFT_VERSION = 4.2;
				TARGETED_DEVICE_FAMILY = "1,2";
				TEST_HOST = "$(BUILT_PRODUCTS_DIR)/LibrarySampler.app/LibrarySampler";
			};
			name = Debug;
		};
		B70C5FE621FA9A27009F60CD /* Release */ = {
			isa = XCBuildConfiguration;
			baseConfigurationReference = D8991935A2F8727D8AB95E43 /* Pods-LibrarySamplerTests.release.xcconfig */;
			buildSettings = {
				ALWAYS_EMBED_SWIFT_STANDARD_LIBRARIES = YES;
				BUNDLE_LOADER = "$(TEST_HOST)";
				CODE_SIGN_STYLE = Automatic;
				INFOPLIST_FILE = LibrarySamplerTests/Info.plist;
				LD_RUNPATH_SEARCH_PATHS = (
					"$(inherited)",
					"@executable_path/Frameworks",
					"@loader_path/Frameworks",
				);
				PRODUCT_BUNDLE_IDENTIFIER = com.tomoki.LibrarySamplerTests;
				PRODUCT_NAME = "$(TARGET_NAME)";
				SWIFT_VERSION = 4.2;
				TARGETED_DEVICE_FAMILY = "1,2";
				TEST_HOST = "$(BUILT_PRODUCTS_DIR)/LibrarySampler.app/LibrarySampler";
			};
			name = Release;
		};
		B70C5FE821FA9A27009F60CD /* Debug */ = {
			isa = XCBuildConfiguration;
			baseConfigurationReference = 2F23B470EE3712C408C130AC /* Pods-LibrarySamplerUITests.debug.xcconfig */;
			buildSettings = {
				ALWAYS_EMBED_SWIFT_STANDARD_LIBRARIES = YES;
				CODE_SIGN_STYLE = Automatic;
				INFOPLIST_FILE = LibrarySamplerUITests/Info.plist;
				LD_RUNPATH_SEARCH_PATHS = (
					"$(inherited)",
					"@executable_path/Frameworks",
					"@loader_path/Frameworks",
				);
				PRODUCT_BUNDLE_IDENTIFIER = com.tomoki.LibrarySamplerUITests;
				PRODUCT_NAME = "$(TARGET_NAME)";
				SWIFT_VERSION = 4.2;
				TARGETED_DEVICE_FAMILY = "1,2";
				TEST_TARGET_NAME = LibrarySampler;
			};
			name = Debug;
		};
		B70C5FE921FA9A27009F60CD /* Release */ = {
			isa = XCBuildConfiguration;
			baseConfigurationReference = 146724B13BEE3360F547C8B0 /* Pods-LibrarySamplerUITests.release.xcconfig */;
			buildSettings = {
				ALWAYS_EMBED_SWIFT_STANDARD_LIBRARIES = YES;
				CODE_SIGN_STYLE = Automatic;
				INFOPLIST_FILE = LibrarySamplerUITests/Info.plist;
				LD_RUNPATH_SEARCH_PATHS = (
					"$(inherited)",
					"@executable_path/Frameworks",
					"@loader_path/Frameworks",
				);
				PRODUCT_BUNDLE_IDENTIFIER = com.tomoki.LibrarySamplerUITests;
				PRODUCT_NAME = "$(TARGET_NAME)";
				SWIFT_VERSION = 4.2;
				TARGETED_DEVICE_FAMILY = "1,2";
				TEST_TARGET_NAME = LibrarySampler;
			};
			name = Release;
		};
/* End XCBuildConfiguration section */

/* Begin XCConfigurationList section */
		B70C5FB421FA9A23009F60CD /* Build configuration list for PBXProject "LibrarySampler" */ = {
			isa = XCConfigurationList;
			buildConfigurations = (
				B70C5FDF21FA9A27009F60CD /* Debug */,
				B70C5FE021FA9A27009F60CD /* Release */,
			);
			defaultConfigurationIsVisible = 0;
			defaultConfigurationName = Release;
		};
		B70C5FE121FA9A27009F60CD /* Build configuration list for PBXNativeTarget "LibrarySampler" */ = {
			isa = XCConfigurationList;
			buildConfigurations = (
				B70C5FE221FA9A27009F60CD /* Debug */,
				B70C5FE321FA9A27009F60CD /* Release */,
			);
			defaultConfigurationIsVisible = 0;
			defaultConfigurationName = Release;
		};
		B70C5FE421FA9A27009F60CD /* Build configuration list for PBXNativeTarget "LibrarySamplerTests" */ = {
			isa = XCConfigurationList;
			buildConfigurations = (
				B70C5FE521FA9A27009F60CD /* Debug */,
				B70C5FE621FA9A27009F60CD /* Release */,
			);
			defaultConfigurationIsVisible = 0;
			defaultConfigurationName = Release;
		};
		B70C5FE721FA9A27009F60CD /* Build configuration list for PBXNativeTarget "LibrarySamplerUITests" */ = {
			isa = XCConfigurationList;
			buildConfigurations = (
				B70C5FE821FA9A27009F60CD /* Debug */,
				B70C5FE921FA9A27009F60CD /* Release */,
			);
			defaultConfigurationIsVisible = 0;
			defaultConfigurationName = Release;
		};
/* End XCConfigurationList section */
	};
	rootObject = B70C5FB121FA9A23009F60CD /* Project object */;
}
